// !$*UTF8*$!
{
	archiveVersion = 1;
	classes = {
	};
	objectVersion = 56;
	objects = {

/* Begin PBXBuildFile section */
		95C92E1028FA5928005F937E /* AppDelegate.swift in Sources */ = {isa = PBXBuildFile; fileRef = 95C92E0F28FA5928005F937E /* AppDelegate.swift */; };
		95C92E1228FA5928005F937E /* SceneDelegate.swift in Sources */ = {isa = PBXBuildFile; fileRef = 95C92E1128FA5928005F937E /* SceneDelegate.swift */; };
		95C92E1428FA5928005F937E /* ViewController.swift in Sources */ = {isa = PBXBuildFile; fileRef = 95C92E1328FA5928005F937E /* ViewController.swift */; };
		95C92E1728FA5928005F937E /* Main.storyboard in Resources */ = {isa = PBXBuildFile; fileRef = 95C92E1528FA5928005F937E /* Main.storyboard */; };
		95C92E1928FA592A005F937E /* Assets.xcassets in Resources */ = {isa = PBXBuildFile; fileRef = 95C92E1828FA592A005F937E /* Assets.xcassets */; };
		95C92E1C28FA592A005F937E /* LaunchScreen.storyboard in Resources */ = {isa = PBXBuildFile; fileRef = 95C92E1A28FA592A005F937E /* LaunchScreen.storyboard */; };
		95C92E2728FA592A005F937E /* MiniApp_NotificationCenterTests.swift in Sources */ = {isa = PBXBuildFile; fileRef = 95C92E2628FA592A005F937E /* MiniApp_NotificationCenterTests.swift */; };
		95C92E3128FA592A005F937E /* MiniApp_NotificationCenterUITests.swift in Sources */ = {isa = PBXBuildFile; fileRef = 95C92E3028FA592A005F937E /* MiniApp_NotificationCenterUITests.swift */; };
		95C92E3328FA592A005F937E /* MiniApp_NotificationCenterUITestsLaunchTests.swift in Sources */ = {isa = PBXBuildFile; fileRef = 95C92E3228FA592A005F937E /* MiniApp_NotificationCenterUITestsLaunchTests.swift */; };
/* End PBXBuildFile section */

/* Begin PBXContainerItemProxy section */
		95C92E2328FA592A005F937E /* PBXContainerItemProxy */ = {
			isa = PBXContainerItemProxy;
			containerPortal = 95C92E0428FA5928005F937E /* Project object */;
			proxyType = 1;
			remoteGlobalIDString = 95C92E0B28FA5928005F937E;
			remoteInfo = "MiniApp-NotificationCenter";
		};
		95C92E2D28FA592A005F937E /* PBXContainerItemProxy */ = {
			isa = PBXContainerItemProxy;
			containerPortal = 95C92E0428FA5928005F937E /* Project object */;
			proxyType = 1;
			remoteGlobalIDString = 95C92E0B28FA5928005F937E;
			remoteInfo = "MiniApp-NotificationCenter";
		};
/* End PBXContainerItemProxy section */

/* Begin PBXFileReference section */
		95C92E0C28FA5928005F937E /* MiniApp-NotificationCenter.app */ = {isa = PBXFileReference; explicitFileType = wrapper.application; includeInIndex = 0; path = "MiniApp-NotificationCenter.app"; sourceTree = BUILT_PRODUCTS_DIR; };
		95C92E0F28FA5928005F937E /* AppDelegate.swift */ = {isa = PBXFileReference; lastKnownFileType = sourcecode.swift; path = AppDelegate.swift; sourceTree = "<group>"; };
		95C92E1128FA5928005F937E /* SceneDelegate.swift */ = {isa = PBXFileReference; lastKnownFileType = sourcecode.swift; path = SceneDelegate.swift; sourceTree = "<group>"; };
		95C92E1328FA5928005F937E /* ViewController.swift */ = {isa = PBXFileReference; lastKnownFileType = sourcecode.swift; path = ViewController.swift; sourceTree = "<group>"; };
		95C92E1628FA5928005F937E /* Base */ = {isa = PBXFileReference; lastKnownFileType = file.storyboard; name = Base; path = Base.lproj/Main.storyboard; sourceTree = "<group>"; };
		95C92E1828FA592A005F937E /* Assets.xcassets */ = {isa = PBXFileReference; lastKnownFileType = folder.assetcatalog; path = Assets.xcassets; sourceTree = "<group>"; };
		95C92E1B28FA592A005F937E /* Base */ = {isa = PBXFileReference; lastKnownFileType = file.storyboard; name = Base; path = Base.lproj/LaunchScreen.storyboard; sourceTree = "<group>"; };
		95C92E1D28FA592A005F937E /* Info.plist */ = {isa = PBXFileReference; lastKnownFileType = text.plist.xml; path = Info.plist; sourceTree = "<group>"; };
		95C92E2228FA592A005F937E /* MiniApp-NotificationCenterTests.xctest */ = {isa = PBXFileReference; explicitFileType = wrapper.cfbundle; includeInIndex = 0; path = "MiniApp-NotificationCenterTests.xctest"; sourceTree = BUILT_PRODUCTS_DIR; };
		95C92E2628FA592A005F937E /* MiniApp_NotificationCenterTests.swift */ = {isa = PBXFileReference; lastKnownFileType = sourcecode.swift; path = MiniApp_NotificationCenterTests.swift; sourceTree = "<group>"; };
		95C92E2C28FA592A005F937E /* MiniApp-NotificationCenterUITests.xctest */ = {isa = PBXFileReference; explicitFileType = wrapper.cfbundle; includeInIndex = 0; path = "MiniApp-NotificationCenterUITests.xctest"; sourceTree = BUILT_PRODUCTS_DIR; };
		95C92E3028FA592A005F937E /* MiniApp_NotificationCenterUITests.swift */ = {isa = PBXFileReference; lastKnownFileType = sourcecode.swift; path = MiniApp_NotificationCenterUITests.swift; sourceTree = "<group>"; };
		95C92E3228FA592A005F937E /* MiniApp_NotificationCenterUITestsLaunchTests.swift */ = {isa = PBXFileReference; lastKnownFileType = sourcecode.swift; path = MiniApp_NotificationCenterUITestsLaunchTests.swift; sourceTree = "<group>"; };
/* End PBXFileReference section */

/* Begin PBXFrameworksBuildPhase section */
		95C92E0928FA5928005F937E /* Frameworks */ = {
			isa = PBXFrameworksBuildPhase;
			buildActionMask = 2147483647;
			files = (
			);
			runOnlyForDeploymentPostprocessing = 0;
		};
		95C92E1F28FA592A005F937E /* Frameworks */ = {
			isa = PBXFrameworksBuildPhase;
			buildActionMask = 2147483647;
			files = (
			);
			runOnlyForDeploymentPostprocessing = 0;
		};
		95C92E2928FA592A005F937E /* Frameworks */ = {
			isa = PBXFrameworksBuildPhase;
			buildActionMask = 2147483647;
			files = (
			);
			runOnlyForDeploymentPostprocessing = 0;
		};
/* End PBXFrameworksBuildPhase section */

/* Begin PBXGroup section */
		95C92E0328FA5928005F937E = {
			isa = PBXGroup;
			children = (
				95C92E0E28FA5928005F937E /* MiniApp-NotificationCenter */,
				95C92E2528FA592A005F937E /* MiniApp-NotificationCenterTests */,
				95C92E2F28FA592A005F937E /* MiniApp-NotificationCenterUITests */,
				95C92E0D28FA5928005F937E /* Products */,
			);
			sourceTree = "<group>";
		};
		95C92E0D28FA5928005F937E /* Products */ = {
			isa = PBXGroup;
			children = (
				95C92E0C28FA5928005F937E /* MiniApp-NotificationCenter.app */,
				95C92E2228FA592A005F937E /* MiniApp-NotificationCenterTests.xctest */,
				95C92E2C28FA592A005F937E /* MiniApp-NotificationCenterUITests.xctest */,
			);
			name = Products;
			sourceTree = "<group>";
		};
		95C92E0E28FA5928005F937E /* MiniApp-NotificationCenter */ = {
			isa = PBXGroup;
			children = (
				95C92E0F28FA5928005F937E /* AppDelegate.swift */,
				95C92E1128FA5928005F937E /* SceneDelegate.swift */,
				95C92E1328FA5928005F937E /* ViewController.swift */,
				95C92E1528FA5928005F937E /* Main.storyboard */,
				95C92E1828FA592A005F937E /* Assets.xcassets */,
				95C92E1A28FA592A005F937E /* LaunchScreen.storyboard */,
				95C92E1D28FA592A005F937E /* Info.plist */,
			);
			path = "MiniApp-NotificationCenter";
			sourceTree = "<group>";
		};
		95C92E2528FA592A005F937E /* MiniApp-NotificationCenterTests */ = {
			isa = PBXGroup;
			children = (
				95C92E2628FA592A005F937E /* MiniApp_NotificationCenterTests.swift */,
			);
			path = "MiniApp-NotificationCenterTests";
			sourceTree = "<group>";
		};
		95C92E2F28FA592A005F937E /* MiniApp-NotificationCenterUITests */ = {
			isa = PBXGroup;
			children = (
				95C92E3028FA592A005F937E /* MiniApp_NotificationCenterUITests.swift */,
				95C92E3228FA592A005F937E /* MiniApp_NotificationCenterUITestsLaunchTests.swift */,
			);
			path = "MiniApp-NotificationCenterUITests";
			sourceTree = "<group>";
		};
/* End PBXGroup section */

/* Begin PBXNativeTarget section */
		95C92E0B28FA5928005F937E /* MiniApp-NotificationCenter */ = {
			isa = PBXNativeTarget;
			buildConfigurationList = 95C92E3628FA592A005F937E /* Build configuration list for PBXNativeTarget "MiniApp-NotificationCenter" */;
			buildPhases = (
				95C92E0828FA5928005F937E /* Sources */,
				95C92E0928FA5928005F937E /* Frameworks */,
				95C92E0A28FA5928005F937E /* Resources */,
			);
			buildRules = (
			);
			dependencies = (
			);
			name = "MiniApp-NotificationCenter";
			productName = "MiniApp-NotificationCenter";
			productReference = 95C92E0C28FA5928005F937E /* MiniApp-NotificationCenter.app */;
			productType = "com.apple.product-type.application";
		};
		95C92E2128FA592A005F937E /* MiniApp-NotificationCenterTests */ = {
			isa = PBXNativeTarget;
			buildConfigurationList = 95C92E3928FA592A005F937E /* Build configuration list for PBXNativeTarget "MiniApp-NotificationCenterTests" */;
			buildPhases = (
				95C92E1E28FA592A005F937E /* Sources */,
				95C92E1F28FA592A005F937E /* Frameworks */,
				95C92E2028FA592A005F937E /* Resources */,
			);
			buildRules = (
			);
			dependencies = (
				95C92E2428FA592A005F937E /* PBXTargetDependency */,
			);
			name = "MiniApp-NotificationCenterTests";
			productName = "MiniApp-NotificationCenterTests";
			productReference = 95C92E2228FA592A005F937E /* MiniApp-NotificationCenterTests.xctest */;
			productType = "com.apple.product-type.bundle.unit-test";
		};
		95C92E2B28FA592A005F937E /* MiniApp-NotificationCenterUITests */ = {
			isa = PBXNativeTarget;
			buildConfigurationList = 95C92E3C28FA592A005F937E /* Build configuration list for PBXNativeTarget "MiniApp-NotificationCenterUITests" */;
			buildPhases = (
				95C92E2828FA592A005F937E /* Sources */,
				95C92E2928FA592A005F937E /* Frameworks */,
				95C92E2A28FA592A005F937E /* Resources */,
			);
			buildRules = (
			);
			dependencies = (
				95C92E2E28FA592A005F937E /* PBXTargetDependency */,
			);
			name = "MiniApp-NotificationCenterUITests";
			productName = "MiniApp-NotificationCenterUITests";
			productReference = 95C92E2C28FA592A005F937E /* MiniApp-NotificationCenterUITests.xctest */;
			productType = "com.apple.product-type.bundle.ui-testing";
		};
/* End PBXNativeTarget section */

/* Begin PBXProject section */
		95C92E0428FA5928005F937E /* Project object */ = {
			isa = PBXProject;
			attributes = {
				BuildIndependentTargetsInParallel = 1;
				LastSwiftUpdateCheck = 1400;
				LastUpgradeCheck = 1400;
				TargetAttributes = {
					95C92E0B28FA5928005F937E = {
						CreatedOnToolsVersion = 14.0.1;
					};
					95C92E2128FA592A005F937E = {
						CreatedOnToolsVersion = 14.0.1;
						TestTargetID = 95C92E0B28FA5928005F937E;
					};
					95C92E2B28FA592A005F937E = {
						CreatedOnToolsVersion = 14.0.1;
						TestTargetID = 95C92E0B28FA5928005F937E;
					};
				};
			};
			buildConfigurationList = 95C92E0728FA5928005F937E /* Build configuration list for PBXProject "MiniApp-NotificationCenter" */;
			compatibilityVersion = "Xcode 14.0";
			developmentRegion = en;
			hasScannedForEncodings = 0;
			knownRegions = (
				en,
				Base,
			);
			mainGroup = 95C92E0328FA5928005F937E;
			productRefGroup = 95C92E0D28FA5928005F937E /* Products */;
			projectDirPath = "";
			projectRoot = "";
			targets = (
				95C92E0B28FA5928005F937E /* MiniApp-NotificationCenter */,
				95C92E2128FA592A005F937E /* MiniApp-NotificationCenterTests */,
				95C92E2B28FA592A005F937E /* MiniApp-NotificationCenterUITests */,
			);
		};
/* End PBXProject section */

/* Begin PBXResourcesBuildPhase section */
		95C92E0A28FA5928005F937E /* Resources */ = {
			isa = PBXResourcesBuildPhase;
			buildActionMask = 2147483647;
			files = (
				95C92E1C28FA592A005F937E /* LaunchScreen.storyboard in Resources */,
				95C92E1928FA592A005F937E /* Assets.xcassets in Resources */,
				95C92E1728FA5928005F937E /* Main.storyboard in Resources */,
			);
			runOnlyForDeploymentPostprocessing = 0;
		};
		95C92E2028FA592A005F937E /* Resources */ = {
			isa = PBXResourcesBuildPhase;
			buildActionMask = 2147483647;
			files = (
			);
			runOnlyForDeploymentPostprocessing = 0;
		};
		95C92E2A28FA592A005F937E /* Resources */ = {
			isa = PBXResourcesBuildPhase;
			buildActionMask = 2147483647;
			files = (
			);
			runOnlyForDeploymentPostprocessing = 0;
		};
/* End PBXResourcesBuildPhase section */

/* Begin PBXSourcesBuildPhase section */
		95C92E0828FA5928005F937E /* Sources */ = {
			isa = PBXSourcesBuildPhase;
			buildActionMask = 2147483647;
			files = (
				95C92E1428FA5928005F937E /* ViewController.swift in Sources */,
				95C92E1028FA5928005F937E /* AppDelegate.swift in Sources */,
				95C92E1228FA5928005F937E /* SceneDelegate.swift in Sources */,
			);
			runOnlyForDeploymentPostprocessing = 0;
		};
		95C92E1E28FA592A005F937E /* Sources */ = {
			isa = PBXSourcesBuildPhase;
			buildActionMask = 2147483647;
			files = (
				95C92E2728FA592A005F937E /* MiniApp_NotificationCenterTests.swift in Sources */,
			);
			runOnlyForDeploymentPostprocessing = 0;
		};
		95C92E2828FA592A005F937E /* Sources */ = {
			isa = PBXSourcesBuildPhase;
			buildActionMask = 2147483647;
			files = (
				95C92E3128FA592A005F937E /* MiniApp_NotificationCenterUITests.swift in Sources */,
				95C92E3328FA592A005F937E /* MiniApp_NotificationCenterUITestsLaunchTests.swift in Sources */,
			);
			runOnlyForDeploymentPostprocessing = 0;
		};
/* End PBXSourcesBuildPhase section */

/* Begin PBXTargetDependency section */
		95C92E2428FA592A005F937E /* PBXTargetDependency */ = {
			isa = PBXTargetDependency;
			target = 95C92E0B28FA5928005F937E /* MiniApp-NotificationCenter */;
			targetProxy = 95C92E2328FA592A005F937E /* PBXContainerItemProxy */;
		};
		95C92E2E28FA592A005F937E /* PBXTargetDependency */ = {
			isa = PBXTargetDependency;
			target = 95C92E0B28FA5928005F937E /* MiniApp-NotificationCenter */;
			targetProxy = 95C92E2D28FA592A005F937E /* PBXContainerItemProxy */;
		};
/* End PBXTargetDependency section */

/* Begin PBXVariantGroup section */
		95C92E1528FA5928005F937E /* Main.storyboard */ = {
			isa = PBXVariantGroup;
			children = (
				95C92E1628FA5928005F937E /* Base */,
			);
			name = Main.storyboard;
			sourceTree = "<group>";
		};
		95C92E1A28FA592A005F937E /* LaunchScreen.storyboard */ = {
			isa = PBXVariantGroup;
			children = (
				95C92E1B28FA592A005F937E /* Base */,
			);
			name = LaunchScreen.storyboard;
			sourceTree = "<group>";
		};
/* End PBXVariantGroup section */

/* Begin XCBuildConfiguration section */
		95C92E3428FA592A005F937E /* Debug */ = {
			isa = XCBuildConfiguration;
			buildSettings = {
				ALWAYS_SEARCH_USER_PATHS = NO;
				CLANG_ANALYZER_NONNULL = YES;
				CLANG_ANALYZER_NUMBER_OBJECT_CONVERSION = YES_AGGRESSIVE;
				CLANG_CXX_LANGUAGE_STANDARD = "gnu++20";
				CLANG_ENABLE_MODULES = YES;
				CLANG_ENABLE_OBJC_ARC = YES;
				CLANG_ENABLE_OBJC_WEAK = YES;
				CLANG_WARN_BLOCK_CAPTURE_AUTORELEASING = YES;
				CLANG_WARN_BOOL_CONVERSION = YES;
				CLANG_WARN_COMMA = YES;
				CLANG_WARN_CONSTANT_CONVERSION = YES;
				CLANG_WARN_DEPRECATED_OBJC_IMPLEMENTATIONS = YES;
				CLANG_WARN_DIRECT_OBJC_ISA_USAGE = YES_ERROR;
				CLANG_WARN_DOCUMENTATION_COMMENTS = YES;
				CLANG_WARN_EMPTY_BODY = YES;
				CLANG_WARN_ENUM_CONVERSION = YES;
				CLANG_WARN_INFINITE_RECURSION = YES;
				CLANG_WARN_INT_CONVERSION = YES;
				CLANG_WARN_NON_LITERAL_NULL_CONVERSION = YES;
				CLANG_WARN_OBJC_IMPLICIT_RETAIN_SELF = YES;
				CLANG_WARN_OBJC_LITERAL_CONVERSION = YES;
				CLANG_WARN_OBJC_ROOT_CLASS = YES_ERROR;
				CLANG_WARN_QUOTED_INCLUDE_IN_FRAMEWORK_HEADER = YES;
				CLANG_WARN_RANGE_LOOP_ANALYSIS = YES;
				CLANG_WARN_STRICT_PROTOTYPES = YES;
				CLANG_WARN_SUSPICIOUS_MOVE = YES;
				CLANG_WARN_UNGUARDED_AVAILABILITY = YES_AGGRESSIVE;
				CLANG_WARN_UNREACHABLE_CODE = YES;
				CLANG_WARN__DUPLICATE_METHOD_MATCH = YES;
				COPY_PHASE_STRIP = NO;
				DEBUG_INFORMATION_FORMAT = dwarf;
				ENABLE_STRICT_OBJC_MSGSEND = YES;
				ENABLE_TESTABILITY = YES;
				GCC_C_LANGUAGE_STANDARD = gnu11;
				GCC_DYNAMIC_NO_PIC = NO;
				GCC_NO_COMMON_BLOCKS = YES;
				GCC_OPTIMIZATION_LEVEL = 0;
				GCC_PREPROCESSOR_DEFINITIONS = (
					"DEBUG=1",
					"$(inherited)",
				);
				GCC_WARN_64_TO_32_BIT_CONVERSION = YES;
				GCC_WARN_ABOUT_RETURN_TYPE = YES_ERROR;
				GCC_WARN_UNDECLARED_SELECTOR = YES;
				GCC_WARN_UNINITIALIZED_AUTOS = YES_AGGRESSIVE;
				GCC_WARN_UNUSED_FUNCTION = YES;
				GCC_WARN_UNUSED_VARIABLE = YES;
				IPHONEOS_DEPLOYMENT_TARGET = 16.0;
				MTL_ENABLE_DEBUG_INFO = INCLUDE_SOURCE;
				MTL_FAST_MATH = YES;
				ONLY_ACTIVE_ARCH = YES;
				SDKROOT = iphoneos;
				SWIFT_ACTIVE_COMPILATION_CONDITIONS = DEBUG;
				SWIFT_OPTIMIZATION_LEVEL = "-Onone";
			};
			name = Debug;
		};
		95C92E3528FA592A005F937E /* Release */ = {
			isa = XCBuildConfiguration;
			buildSettings = {
				ALWAYS_SEARCH_USER_PATHS = NO;
				CLANG_ANALYZER_NONNULL = YES;
				CLANG_ANALYZER_NUMBER_OBJECT_CONVERSION = YES_AGGRESSIVE;
				CLANG_CXX_LANGUAGE_STANDARD = "gnu++20";
				CLANG_ENABLE_MODULES = YES;
				CLANG_ENABLE_OBJC_ARC = YES;
				CLANG_ENABLE_OBJC_WEAK = YES;
				CLANG_WARN_BLOCK_CAPTURE_AUTORELEASING = YES;
				CLANG_WARN_BOOL_CONVERSION = YES;
				CLANG_WARN_COMMA = YES;
				CLANG_WARN_CONSTANT_CONVERSION = YES;
				CLANG_WARN_DEPRECATED_OBJC_IMPLEMENTATIONS = YES;
				CLANG_WARN_DIRECT_OBJC_ISA_USAGE = YES_ERROR;
				CLANG_WARN_DOCUMENTATION_COMMENTS = YES;
				CLANG_WARN_EMPTY_BODY = YES;
				CLANG_WARN_ENUM_CONVERSION = YES;
				CLANG_WARN_INFINITE_RECURSION = YES;
				CLANG_WARN_INT_CONVERSION = YES;
				CLANG_WARN_NON_LITERAL_NULL_CONVERSION = YES;
				CLANG_WARN_OBJC_IMPLICIT_RETAIN_SELF = YES;
				CLANG_WARN_OBJC_LITERAL_CONVERSION = YES;
				CLANG_WARN_OBJC_ROOT_CLASS = YES_ERROR;
				CLANG_WARN_QUOTED_INCLUDE_IN_FRAMEWORK_HEADER = YES;
				CLANG_WARN_RANGE_LOOP_ANALYSIS = YES;
				CLANG_WARN_STRICT_PROTOTYPES = YES;
				CLANG_WARN_SUSPICIOUS_MOVE = YES;
				CLANG_WARN_UNGUARDED_AVAILABILITY = YES_AGGRESSIVE;
				CLANG_WARN_UNREACHABLE_CODE = YES;
				CLANG_WARN__DUPLICATE_METHOD_MATCH = YES;
				COPY_PHASE_STRIP = NO;
				DEBUG_INFORMATION_FORMAT = "dwarf-with-dsym";
				ENABLE_NS_ASSERTIONS = NO;
				ENABLE_STRICT_OBJC_MSGSEND = YES;
				GCC_C_LANGUAGE_STANDARD = gnu11;
				GCC_NO_COMMON_BLOCKS = YES;
				GCC_WARN_64_TO_32_BIT_CONVERSION = YES;
				GCC_WARN_ABOUT_RETURN_TYPE = YES_ERROR;
				GCC_WARN_UNDECLARED_SELECTOR = YES;
				GCC_WARN_UNINITIALIZED_AUTOS = YES_AGGRESSIVE;
				GCC_WARN_UNUSED_FUNCTION = YES;
				GCC_WARN_UNUSED_VARIABLE = YES;
				IPHONEOS_DEPLOYMENT_TARGET = 16.0;
				MTL_ENABLE_DEBUG_INFO = NO;
				MTL_FAST_MATH = YES;
				SDKROOT = iphoneos;
				SWIFT_COMPILATION_MODE = wholemodule;
				SWIFT_OPTIMIZATION_LEVEL = "-O";
				VALIDATE_PRODUCT = YES;
			};
			name = Release;
		};
		95C92E3728FA592A005F937E /* Debug */ = {
			isa = XCBuildConfiguration;
			buildSettings = {
				ASSETCATALOG_COMPILER_APPICON_NAME = AppIcon;
				ASSETCATALOG_COMPILER_GLOBAL_ACCENT_COLOR_NAME = AccentColor;
				CODE_SIGN_STYLE = Automatic;
				CURRENT_PROJECT_VERSION = 1;
				DEVELOPMENT_TEAM = 7X9S244452;
				GENERATE_INFOPLIST_FILE = YES;
				INFOPLIST_FILE = "MiniApp-NotificationCenter/Info.plist";
				INFOPLIST_KEY_UIApplicationSupportsIndirectInputEvents = YES;
				INFOPLIST_KEY_UILaunchStoryboardName = LaunchScreen;
				INFOPLIST_KEY_UIMainStoryboardFile = Main;
				INFOPLIST_KEY_UISupportedInterfaceOrientations_iPad = "UIInterfaceOrientationPortrait UIInterfaceOrientationPortraitUpsideDown UIInterfaceOrientationLandscapeLeft UIInterfaceOrientationLandscapeRight";
				INFOPLIST_KEY_UISupportedInterfaceOrientations_iPhone = "UIInterfaceOrientationPortrait UIInterfaceOrientationLandscapeLeft UIInterfaceOrientationLandscapeRight";
				LD_RUNPATH_SEARCH_PATHS = (
					"$(inherited)",
					"@executable_path/Frameworks",
				);
				MARKETING_VERSION = 1.0;
				PRODUCT_BUNDLE_IDENTIFIER = "com.mkondo.MiniApp-NotificationCenter";
				PRODUCT_NAME = "$(TARGET_NAME)";
				SWIFT_EMIT_LOC_STRINGS = YES;
				SWIFT_VERSION = 5.0;
				TARGETED_DEVICE_FAMILY = "1,2";
			};
			name = Debug;
		};
		95C92E3828FA592A005F937E /* Release */ = {
			isa = XCBuildConfiguration;
			buildSettings = {
				ASSETCATALOG_COMPILER_APPICON_NAME = AppIcon;
				ASSETCATALOG_COMPILER_GLOBAL_ACCENT_COLOR_NAME = AccentColor;
				CODE_SIGN_STYLE = Automatic;
				CURRENT_PROJECT_VERSION = 1;
				DEVELOPMENT_TEAM = 7X9S244452;
				GENERATE_INFOPLIST_FILE = YES;
				INFOPLIST_FILE = "MiniApp-NotificationCenter/Info.plist";
				INFOPLIST_KEY_UIApplicationSupportsIndirectInputEvents = YES;
				INFOPLIST_KEY_UILaunchStoryboardName = LaunchScreen;
				INFOPLIST_KEY_UIMainStoryboardFile = Main;
				INFOPLIST_KEY_UISupportedInterfaceOrientations_iPad = "UIInterfaceOrientationPortrait UIInterfaceOrientationPortraitUpsideDown UIInterfaceOrientationLandscapeLeft UIInterfaceOrientationLandscapeRight";
				INFOPLIST_KEY_UISupportedInterfaceOrientations_iPhone = "UIInterfaceOrientationPortrait UIInterfaceOrientationLandscapeLeft UIInterfaceOrientationLandscapeRight";
				LD_RUNPATH_SEARCH_PATHS = (
					"$(inherited)",
					"@executable_path/Frameworks",
				);
				MARKETING_VERSION = 1.0;
				PRODUCT_BUNDLE_IDENTIFIER = "com.mkondo.MiniApp-NotificationCenter";
				PRODUCT_NAME = "$(TARGET_NAME)";
				SWIFT_EMIT_LOC_STRINGS = YES;
				SWIFT_VERSION = 5.0;
				TARGETED_DEVICE_FAMILY = "1,2";
			};
			name = Release;
		};
		95C92E3A28FA592A005F937E /* Debug */ = {
			isa = XCBuildConfiguration;
			buildSettings = {
				ALWAYS_EMBED_SWIFT_STANDARD_LIBRARIES = YES;
				BUNDLE_LOADER = "$(TEST_HOST)";
				CODE_SIGN_STYLE = Automatic;
				CURRENT_PROJECT_VERSION = 1;
				DEVELOPMENT_TEAM = 7X9S244452;
				GENERATE_INFOPLIST_FILE = YES;
				IPHONEOS_DEPLOYMENT_TARGET = 16.0;
				MARKETING_VERSION = 1.0;
				PRODUCT_BUNDLE_IDENTIFIER = "com.mkondo.MiniApp-NotificationCenterTests";
				PRODUCT_NAME = "$(TARGET_NAME)";
				SWIFT_EMIT_LOC_STRINGS = NO;
				SWIFT_VERSION = 5.0;
				TARGETED_DEVICE_FAMILY = "1,2";
				TEST_HOST = "$(BUILT_PRODUCTS_DIR)/MiniApp-NotificationCenter.app/$(BUNDLE_EXECUTABLE_FOLDER_PATH)/MiniApp-NotificationCenter";
			};
			name = Debug;
		};
		95C92E3B28FA592A005F937E /* Release */ = {
			isa = XCBuildConfiguration;
			buildSettings = {
				ALWAYS_EMBED_SWIFT_STANDARD_LIBRARIES = YES;
				BUNDLE_LOADER = "$(TEST_HOST)";
				CODE_SIGN_STYLE = Automatic;
				CURRENT_PROJECT_VERSION = 1;
				DEVELOPMENT_TEAM = 7X9S244452;
				GENERATE_INFOPLIST_FILE = YES;
				IPHONEOS_DEPLOYMENT_TARGET = 16.0;
				MARKETING_VERSION = 1.0;
				PRODUCT_BUNDLE_IDENTIFIER = "com.mkondo.MiniApp-NotificationCenterTests";
				PRODUCT_NAME = "$(TARGET_NAME)";
				SWIFT_EMIT_LOC_STRINGS = NO;
				SWIFT_VERSION = 5.0;
				TARGETED_DEVICE_FAMILY = "1,2";
				TEST_HOST = "$(BUILT_PRODUCTS_DIR)/MiniApp-NotificationCenter.app/$(BUNDLE_EXECUTABLE_FOLDER_PATH)/MiniApp-NotificationCenter";
			};
			name = Release;
		};
		95C92E3D28FA592A005F937E /* Debug */ = {
			isa = XCBuildConfiguration;
			buildSettings = {
				ALWAYS_EMBED_SWIFT_STANDARD_LIBRARIES = YES;
				CODE_SIGN_STYLE = Automatic;
				CURRENT_PROJECT_VERSION = 1;
				DEVELOPMENT_TEAM = 7X9S244452;
				GENERATE_INFOPLIST_FILE = YES;
				MARKETING_VERSION = 1.0;
				PRODUCT_BUNDLE_IDENTIFIER = "com.mkondo.MiniApp-NotificationCenterUITests";
				PRODUCT_NAME = "$(TARGET_NAME)";
				SWIFT_EMIT_LOC_STRINGS = NO;
				SWIFT_VERSION = 5.0;
				TARGETED_DEVICE_FAMILY = "1,2";
				TEST_TARGET_NAME = "MiniApp-NotificationCenter";
			};
			name = Debug;
		};
		95C92E3E28FA592A005F937E /* Release */ = {
			isa = XCBuildConfiguration;
			buildSettings = {
				ALWAYS_EMBED_SWIFT_STANDARD_LIBRARIES = YES;
				CODE_SIGN_STYLE = Automatic;
				CURRENT_PROJECT_VERSION = 1;
				DEVELOPMENT_TEAM = 7X9S244452;
				GENERATE_INFOPLIST_FILE = YES;
				MARKETING_VERSION = 1.0;
				PRODUCT_BUNDLE_IDENTIFIER = "com.mkondo.MiniApp-NotificationCenterUITests";
				PRODUCT_NAME = "$(TARGET_NAME)";
				SWIFT_EMIT_LOC_STRINGS = NO;
				SWIFT_VERSION = 5.0;
				TARGETED_DEVICE_FAMILY = "1,2";
				TEST_TARGET_NAME = "MiniApp-NotificationCenter";
			};
			name = Release;
		};
/* End XCBuildConfiguration section */

/* Begin XCConfigurationList section */
		95C92E0728FA5928005F937E /* Build configuration list for PBXProject "MiniApp-NotificationCenter" */ = {
			isa = XCConfigurationList;
			buildConfigurations = (
				95C92E3428FA592A005F937E /* Debug */,
				95C92E3528FA592A005F937E /* Release */,
			);
			defaultConfigurationIsVisible = 0;
			defaultConfigurationName = Release;
		};
		95C92E3628FA592A005F937E /* Build configuration list for PBXNativeTarget "MiniApp-NotificationCenter" */ = {
			isa = XCConfigurationList;
			buildConfigurations = (
				95C92E3728FA592A005F937E /* Debug */,
				95C92E3828FA592A005F937E /* Release */,
			);
			defaultConfigurationIsVisible = 0;
			defaultConfigurationName = Release;
		};
		95C92E3928FA592A005F937E /* Build configuration list for PBXNativeTarget "MiniApp-NotificationCenterTests" */ = {
			isa = XCConfigurationList;
			buildConfigurations = (
				95C92E3A28FA592A005F937E /* Debug */,
				95C92E3B28FA592A005F937E /* Release */,
			);
			defaultConfigurationIsVisible = 0;
			defaultConfigurationName = Release;
		};
		95C92E3C28FA592A005F937E /* Build configuration list for PBXNativeTarget "MiniApp-NotificationCenterUITests" */ = {
			isa = XCConfigurationList;
			buildConfigurations = (
				95C92E3D28FA592A005F937E /* Debug */,
				95C92E3E28FA592A005F937E /* Release */,
			);
			defaultConfigurationIsVisible = 0;
			defaultConfigurationName = Release;
		};
/* End XCConfigurationList section */
	};
	rootObject = 95C92E0428FA5928005F937E /* Project object */;
}
